
Microsoft Visual Studio Solution File, Format Version 12.00
# Visual Studio Version 16
VisualStudioVersion = 16.0.30907.101
MinimumVisualStudioVersion = 10.0.40219.1
Project("{FAE04EC0-301F-11D3-BF4B-00C04F79EFBC}") = "getting input 2", "getting input 2\getting input 2.csproj", "{80862C7F-1901-4DE9-AAFF-ECEE9D5E1FA7}"
EndProject
Global
	GlobalSection(SolutionConfigurationPlatforms) = preSolution
		Debug|Any CPU = Debug|Any CPU
		Release|Any CPU = Release|Any CPU
	EndGlobalSection
	GlobalSection(ProjectConfigurationPlatforms) = postSolution
		{80862C7F-1901-4DE9-AAFF-ECEE9D5E1FA7}.Debug|Any CPU.ActiveCfg = Debug|Any CPU
		{80862C7F-1901-4DE9-AAFF-ECEE9D5E1FA7}.Debug|Any CPU.Build.0 = Debug|Any CPU
		{80862C7F-1901-4DE9-AAFF-ECEE9D5E1FA7}.Release|Any CPU.ActiveCfg = Release|Any CPU
		{80862C7F-1901-4DE9-AAFF-ECEE9D5E1FA7}.Release|Any CPU.Build.0 = Release|Any CPU
	EndGlobalSection
	GlobalSection(SolutionProperties) = preSolution
		HideSolutionNode = FALSE
	EndGlobalSection
	GlobalSection(ExtensibilityGlobals) = postSolution
		SolutionGuid = {18CC619D-C672-41D1-8B26-A82FAAB790B1}
	EndGlobalSection
EndGlobal
